%{
  "elixir_make": {:hex, :elixir_make, "0.6.0", "38349f3e29aff4864352084fc736fa7fa0f2995a819a737554f7ebd28b85aaab", [:mix], [], "hexpm"},
  "muontrap": {:hex, :muontrap, "0.4.3", "f6c6d2c4e6eeb3b03780da77741945cab1a5ee7fb6d3e9ce9080717b6b4042a7", [:make, :mix], [{:elixir_make, "~> 0.5", [hex: :elixir_make, repo: "hexpm", optional: false]}], "hexpm"},
}
